
Microsoft Visual Studio Solution File, Format Version 12.00
# Visual Studio 2013
VisualStudioVersion = 12.0.31101.0
MinimumVisualStudioVersion = 10.0.40219.1
Project("{FAE04EC0-301F-11D3-BF4B-00C04F79EFBC}") = "Box2DNet", "Box2DNet\Box2DNet.csproj", "{8DCE88BD-5355-4AED-B7FA-6844EC4FB9B2}"
EndProject
Project("{FAE04EC0-301F-11D3-BF4B-00C04F79EFBC}") = "TestBed", "Examples\TestBed\TestBed.csproj", "{ED175D4A-2A0C-44B1-A569-6732234EDE6C}"
EndProject
Project("{FAE04EC0-301F-11D3-BF4B-00C04F79EFBC}") = "HelloWorld", "Examples\HelloWorld\HelloWorld.csproj", "{81537DDE-5D6C-4F71-AD5B-5CE7CDD6603F}"
EndProject
Global
	GlobalSection(SolutionConfigurationPlatforms) = preSolution
		Debug|Any CPU = Debug|Any CPU
		Documentation|Any CPU = Documentation|Any CPU
		Nsis|Any CPU = Nsis|Any CPU
		Release|Any CPU = Release|Any CPU
	EndGlobalSection
	GlobalSection(ProjectConfigurationPlatforms) = postSolution
		{8DCE88BD-5355-4AED-B7FA-6844EC4FB9B2}.Debug|Any CPU.ActiveCfg = Debug|Any CPU
		{8DCE88BD-5355-4AED-B7FA-6844EC4FB9B2}.Debug|Any CPU.Build.0 = Debug|Any CPU
		{8DCE88BD-5355-4AED-B7FA-6844EC4FB9B2}.Documentation|Any CPU.ActiveCfg = Debug|Any CPU
		{8DCE88BD-5355-4AED-B7FA-6844EC4FB9B2}.Documentation|Any CPU.Build.0 = Debug|Any CPU
		{8DCE88BD-5355-4AED-B7FA-6844EC4FB9B2}.Nsis|Any CPU.ActiveCfg = Release|Any CPU
		{8DCE88BD-5355-4AED-B7FA-6844EC4FB9B2}.Nsis|Any CPU.Build.0 = Release|Any CPU
		{8DCE88BD-5355-4AED-B7FA-6844EC4FB9B2}.Release|Any CPU.ActiveCfg = Release|Any CPU
		{8DCE88BD-5355-4AED-B7FA-6844EC4FB9B2}.Release|Any CPU.Build.0 = Release|Any CPU
		{ED175D4A-2A0C-44B1-A569-6732234EDE6C}.Debug|Any CPU.ActiveCfg = Debug|Any CPU
		{ED175D4A-2A0C-44B1-A569-6732234EDE6C}.Debug|Any CPU.Build.0 = Debug|Any CPU
		{ED175D4A-2A0C-44B1-A569-6732234EDE6C}.Documentation|Any CPU.ActiveCfg = Debug|Any CPU
		{ED175D4A-2A0C-44B1-A569-6732234EDE6C}.Documentation|Any CPU.Build.0 = Debug|Any CPU
		{ED175D4A-2A0C-44B1-A569-6732234EDE6C}.Nsis|Any CPU.ActiveCfg = Release|Any CPU
		{ED175D4A-2A0C-44B1-A569-6732234EDE6C}.Nsis|Any CPU.Build.0 = Release|Any CPU
		{ED175D4A-2A0C-44B1-A569-6732234EDE6C}.Release|Any CPU.ActiveCfg = Release|Any CPU
		{ED175D4A-2A0C-44B1-A569-6732234EDE6C}.Release|Any CPU.Build.0 = Release|Any CPU
		{81537DDE-5D6C-4F71-AD5B-5CE7CDD6603F}.Debug|Any CPU.ActiveCfg = Debug|Any CPU
		{81537DDE-5D6C-4F71-AD5B-5CE7CDD6603F}.Debug|Any CPU.Build.0 = Debug|Any CPU
		{81537DDE-5D6C-4F71-AD5B-5CE7CDD6603F}.Documentation|Any CPU.ActiveCfg = Debug|Any CPU
		{81537DDE-5D6C-4F71-AD5B-5CE7CDD6603F}.Documentation|Any CPU.Build.0 = Debug|Any CPU
		{81537DDE-5D6C-4F71-AD5B-5CE7CDD6603F}.Nsis|Any CPU.ActiveCfg = Release|Any CPU
		{81537DDE-5D6C-4F71-AD5B-5CE7CDD6603F}.Nsis|Any CPU.Build.0 = Release|Any CPU
		{81537DDE-5D6C-4F71-AD5B-5CE7CDD6603F}.Release|Any CPU.ActiveCfg = Release|Any CPU
		{81537DDE-5D6C-4F71-AD5B-5CE7CDD6603F}.Release|Any CPU.Build.0 = Release|Any CPU
	EndGlobalSection
	GlobalSection(SolutionProperties) = preSolution
		HideSolutionNode = FALSE
	EndGlobalSection
EndGlobal
